<?xml version="1.0" encoding="utf-8"?>
<Project ToolsVersion="4.0" xmlns="http://schemas.microsoft.com/developer/msbuild/2003">
  <ItemGroup>
    <ClCompile Include="CameraColorSettingsViewer.cpp">
      <Filter>Source Files</Filter>
    </ClCompile>
    <ClCompile Include="CameraExposureSettingsViewer.cpp">
      <Filter>Source Files</Filter>
    </ClCompile>
    <ClCompile Include="CameraSettingsViewer.cpp">
      <Filter>Source Files</Filter>
    </ClCompile>
    <ClCompile Include="ImageRenderer.cpp">
      <Filter>Source Files</Filter>
    </ClCompile>
    <ClCompile Include="CustomDrawListControl.cpp">
      <Filter>Source Files</Filter>
    </ClCompile>
    <ClCompile Include="KinectSettings.cpp">
      <Filter>Source Files</Filter>
    </ClCompile>
    <ClCompile Include="KinectWindow.cpp">
      <Filter>Source Files</Filter>
    </ClCompile>
    <ClCompile Include="KinectWindowManager.cpp">
      <Filter>Source Files</Filter>
    </ClCompile>
    <ClCompile Include="MainWindow.cpp">
      <Filter>Source Files</Filter>
    </ClCompile>
    <ClCompile Include="NuiAccelerometerStream.cpp">
      <Filter>Source Files</Filter>
    </ClCompile>
    <ClCompile Include="NuiAccelerometerViewer.cpp">
      <Filter>Source Files</Filter>
    </ClCompile>
    <ClCompile Include="NuiActivityWatcher.cpp">
      <Filter>Source Files</Filter>
    </ClCompile>
    <ClCompile Include="NuiAudioStream.cpp">
      <Filter>Source Files</Filter>
    </ClCompile>
    <ClCompile Include="NuiAudioViewer.cpp">
      <Filter>Source Files</Filter>
    </ClCompile>
    <ClCompile Include="NuiColorStream.cpp">
      <Filter>Source Files</Filter>
    </ClCompile>
    <ClCompile Include="NuiDepthStream.cpp">
      <Filter>Source Files</Filter>
    </ClCompile>
    <ClCompile Include="NuiImageBuffer.cpp">
      <Filter>Source Files</Filter>
    </ClCompile>
    <ClCompile Include="NuiSkeletonStream.cpp">
      <Filter>Source Files</Filter>
    </ClCompile>
    <ClCompile Include="NuiStream.cpp">
      <Filter>Source Files</Filter>
    </ClCompile>
    <ClCompile Include="NuiStreamViewer.cpp">
      <Filter>Source Files</Filter>
    </ClCompile>
    <ClCompile Include="NuiTiltAngleViewer.cpp">
      <Filter>Source Files</Filter>
    </ClCompile>
    <ClCompile Include="NuiViewer.cpp">
      <Filter>Source Files</Filter>
    </ClCompile>
    <ClCompile Include="ActionRecording.cpp" />
  </ItemGroup>
  <ItemGroup>
    <ClInclude Include="resource.h" />
    <ClInclude Include="CameraColorSettingsViewer.h">
      <Filter>Header Files</Filter>
    </ClInclude>
    <ClInclude Include="CameraExposureSettingsViewer.h">
      <Filter>Header Files</Filter>
    </ClInclude>
    <ClInclude Include="CameraSettingsViewer.h">
      <Filter>Header Files</Filter>
    </ClInclude>
    <ClInclude Include="CustomDrawListControl.h">
      <Filter>Header Files</Filter>
    </ClInclude>
    <ClInclude Include="ImageRenderer.h">
      <Filter>Header Files</Filter>
    </ClInclude>
    <ClInclude Include="KinectSettings.h">
      <Filter>Header Files</Filter>
    </ClInclude>
    <ClInclude Include="KinectWindow.h">
      <Filter>Header Files</Filter>
    </ClInclude>
    <ClInclude Include="MainWindow.h">
      <Filter>Header Files</Filter>
    </ClInclude>
    <ClInclude Include="KinectWindowManager.h">
      <Filter>Header Files</Filter>
    </ClInclude>
    <ClInclude Include="NuiAccelerometerStream.h">
      <Filter>Header Files</Filter>
    </ClInclude>
    <ClInclude Include="NuiAccelerometerViewer.h">
      <Filter>Header Files</Filter>
    </ClInclude>
    <ClInclude Include="NuiActivityWatcher.h">
      <Filter>Header Files</Filter>
    </ClInclude>
    <ClInclude Include="NuiAudioStream.h">
      <Filter>Header Files</Filter>
    </ClInclude>
    <ClInclude Include="NuiAudioViewer.h">
      <Filter>Header Files</Filter>
    </ClInclude>
    <ClInclude Include="NuiColorStream.h">
      <Filter>Header Files</Filter>
    </ClInclude>
    <ClInclude Include="NuiDepthStream.h">
      <Filter>Header Files</Filter>
    </ClInclude>
    <ClInclude Include="NuiImageBuffer.h">
      <Filter>Header Files</Filter>
    </ClInclude>
    <ClInclude Include="NuiSkeletonStream.h">
      <Filter>Header Files</Filter>
    </ClInclude>
    <ClInclude Include="NuiStreamViewer.h">
      <Filter>Header Files</Filter>
    </ClInclude>
    <ClInclude Include="NuiStream.h">
      <Filter>Header Files</Filter>
    </ClInclude>
    <ClInclude Include="NuiViewer.h">
      <Filter>Header Files</Filter>
    </ClInclude>
    <ClInclude Include="StaticMediaBuffer.h">
      <Filter>Header Files</Filter>
    </ClInclude>
    <ClInclude Include="Utility.h">
      <Filter>Header Files</Filter>
    </ClInclude>
    <ClInclude Include="NuiTiltAngleViewer.h">
      <Filter>Header Files</Filter>
    </ClInclude>
    <ClInclude Include="stdafx.h">
      <Filter>Header Files</Filter>
    </ClInclude>
    <ClInclude Include="ActionRecording.h">
      <Filter>Header Files</Filter>
    </ClInclude>
  </ItemGroup>
  <ItemGroup>
    <ResourceCompile Include="KinectExplorer.rc" />
  </ItemGroup>
  <ItemGroup>
    <None Include="app.ico" />
    <None Include="Images\KinectSensor.bmp">
      <Filter>Images</Filter>
    </None>
    <None Include="Images\Logo.bmp">
      <Filter>Images</Filter>
    </None>
  </ItemGroup>
  <ItemGroup>
    <Filter Include="Images">
      <UniqueIdentifier>{aa99c218-4fbf-4bd6-89c6-04617058fcf6}</UniqueIdentifier>
    </Filter>
    <Filter Include="Header Files">
      <UniqueIdentifier>{785c7406-5eb1-4a30-a2c4-b5bfd96f2d3e}</UniqueIdentifier>
    </Filter>
    <Filter Include="Source Files">
      <UniqueIdentifier>{dea1b02e-44f3-4390-a9e3-8e2792d15921}</UniqueIdentifier>
    </Filter>
  </ItemGroup>
</Project>